
Microsoft Visual Studio Solution File, Format Version 12.00
# Visual Studio Version 16
VisualStudioVersion = 16.0.31624.102
MinimumVisualStudioVersion = 10.0.40219.1
Project("{FAE04EC0-301F-11D3-BF4B-00C04F79EFBC}") = "ApiCatalogoCarro", "ApiCatalogoCarro\ApiCatalogoCarro.csproj", "{6F58C434-6CCA-41D3-8ECC-7611D62B8E94}"
EndProject
Global
	GlobalSection(SolutionConfigurationPlatforms) = preSolution
		Debug|Any CPU = Debug|Any CPU
		Release|Any CPU = Release|Any CPU
	EndGlobalSection
	GlobalSection(ProjectConfigurationPlatforms) = postSolution
		{6F58C434-6CCA-41D3-8ECC-7611D62B8E94}.Debug|Any CPU.ActiveCfg = Debug|Any CPU
		{6F58C434-6CCA-41D3-8ECC-7611D62B8E94}.Debug|Any CPU.Build.0 = Debug|Any CPU
		{6F58C434-6CCA-41D3-8ECC-7611D62B8E94}.Release|Any CPU.ActiveCfg = Release|Any CPU
		{6F58C434-6CCA-41D3-8ECC-7611D62B8E94}.Release|Any CPU.Build.0 = Release|Any CPU
	EndGlobalSection
	GlobalSection(SolutionProperties) = preSolution
		HideSolutionNode = FALSE
	EndGlobalSection
	GlobalSection(ExtensibilityGlobals) = postSolution
		SolutionGuid = {FF638FAD-0371-4AE9-9A85-297457DEF7D0}
	EndGlobalSection
EndGlobal
